
Microsoft Visual Studio Solution File, Format Version 12.00
# Visual Studio Version 17
VisualStudioVersion = 17.1.32210.238
MinimumVisualStudioVersion = 10.0.40219.1
Project("{FAE04EC0-301F-11D3-BF4B-00C04F79EFBC}") = "23_03_2022_Facebook", "23_03_2022_Facebook.csproj", "{8A22A72D-C44C-47E5-96E0-3F004175092D}"
EndProject
Global
	GlobalSection(SolutionConfigurationPlatforms) = preSolution
		Debug|Any CPU = Debug|Any CPU
		Release|Any CPU = Release|Any CPU
	EndGlobalSection
	GlobalSection(ProjectConfigurationPlatforms) = postSolution
		{8A22A72D-C44C-47E5-96E0-3F004175092D}.Debug|Any CPU.ActiveCfg = Debug|Any CPU
		{8A22A72D-C44C-47E5-96E0-3F004175092D}.Debug|Any CPU.Build.0 = Debug|Any CPU
		{8A22A72D-C44C-47E5-96E0-3F004175092D}.Release|Any CPU.ActiveCfg = Release|Any CPU
		{8A22A72D-C44C-47E5-96E0-3F004175092D}.Release|Any CPU.Build.0 = Release|Any CPU
	EndGlobalSection
	GlobalSection(SolutionProperties) = preSolution
		HideSolutionNode = FALSE
	EndGlobalSection
	GlobalSection(ExtensibilityGlobals) = postSolution
		SolutionGuid = {28D2AB56-AA80-4A92-AA3C-0C18B29D2883}
	EndGlobalSection
EndGlobal
